Microsoft Visual Studio Solution File, Format Version 12.00
# Visual Studio 15
VisualStudioVersion = 15.0.26730.16
MinimumVisualStudioVersion = 10.0.40219.1
Project("{9A19103F-16F7-4668-BE54-9A1E7A4F7556}") = "ImageStore", "ImageStore\ImageStore.csproj", "{575A12E8-681E-477F-A6D4-079FAB2309AA}"
EndProject
Project("{9A19103F-16F7-4668-BE54-9A1E7A4F7556}") = "ThumbnailGenerator", "ThumbnailGenerator\ThumbnailGenerator.csproj", "{BD7E06A3-2B43-4217-B36B-12EDB7A85869}"
EndProject
Project("{FAE04EC0-301F-11D3-BF4B-00C04F79EFBC}") = "ImageStore.Client", "ImageStore.Client\ImageStore.Client.csproj", "{7FCB4691-5C61-41A1-AB04-C4E1A11E332A}"
EndProject
Project("{9A19103F-16F7-4668-BE54-9A1E7A4F7556}") = "VotingService", "VotingService\VotingService.csproj", "{1ABEE179-5CEB-4ED3-A30A-AFDB48350743}"
EndProject
Project("{9A19103F-16F7-4668-BE54-9A1E7A4F7556}") = "ImageFilter", "ImageFilter\ImageFilter.csproj", "{3FFF35FA-6BBD-4E65-B3BA-1903E682B0C4}"
EndProject
Global
	GlobalSection(SolutionConfigurationPlatforms) = preSolution
		Debug|Any CPU = Debug|Any CPU
		Release|Any CPU = Release|Any CPU
	EndGlobalSection
	GlobalSection(ProjectConfigurationPlatforms) = postSolution
		{575A12E8-681E-477F-A6D4-079FAB2309AA}.Debug|Any CPU.ActiveCfg = Debug|Any CPU
		{575A12E8-681E-477F-A6D4-079FAB2309AA}.Debug|Any CPU.Build.0 = Debug|Any CPU
		{575A12E8-681E-477F-A6D4-079FAB2309AA}.Release|Any CPU.ActiveCfg = Release|Any CPU
		{575A12E8-681E-477F-A6D4-079FAB2309AA}.Release|Any CPU.Build.0 = Release|Any CPU
		{BD7E06A3-2B43-4217-B36B-12EDB7A85869}.Debug|Any CPU.ActiveCfg = Debug|Any CPU
		{BD7E06A3-2B43-4217-B36B-12EDB7A85869}.Debug|Any CPU.Build.0 = Debug|Any CPU
		{BD7E06A3-2B43-4217-B36B-12EDB7A85869}.Release|Any CPU.ActiveCfg = Release|Any CPU
		{BD7E06A3-2B43-4217-B36B-12EDB7A85869}.Release|Any CPU.Build.0 = Release|Any CPU
		{7FCB4691-5C61-41A1-AB04-C4E1A11E332A}.Debug|Any CPU.ActiveCfg = Debug|Any CPU
		{7FCB4691-5C61-41A1-AB04-C4E1A11E332A}.Debug|Any CPU.Build.0 = Debug|Any CPU
		{7FCB4691-5C61-41A1-AB04-C4E1A11E332A}.Release|Any CPU.ActiveCfg = Release|Any CPU
		{7FCB4691-5C61-41A1-AB04-C4E1A11E332A}.Release|Any CPU.Build.0 = Release|Any CPU
		{1ABEE179-5CEB-4ED3-A30A-AFDB48350743}.Debug|Any CPU.ActiveCfg = Debug|Any CPU
		{1ABEE179-5CEB-4ED3-A30A-AFDB48350743}.Debug|Any CPU.Build.0 = Debug|Any CPU
		{1ABEE179-5CEB-4ED3-A30A-AFDB48350743}.Release|Any CPU.ActiveCfg = Release|Any CPU
		{1ABEE179-5CEB-4ED3-A30A-AFDB48350743}.Release|Any CPU.Build.0 = Release|Any CPU
		{3FFF35FA-6BBD-4E65-B3BA-1903E682B0C4}.Debug|Any CPU.ActiveCfg = Debug|Any CPU
		{3FFF35FA-6BBD-4E65-B3BA-1903E682B0C4}.Debug|Any CPU.Build.0 = Debug|Any CPU
		{3FFF35FA-6BBD-4E65-B3BA-1903E682B0C4}.Release|Any CPU.ActiveCfg = Release|Any CPU
		{3FFF35FA-6BBD-4E65-B3BA-1903E682B0C4}.Release|Any CPU.Build.0 = Release|Any CPU
	EndGlobalSection
	GlobalSection(SolutionProperties) = preSolution
		HideSolutionNode = FALSE
	EndGlobalSection
	GlobalSection(ExtensibilityGlobals) = postSolution
		SolutionGuid = {5454D13B-5AFB-4709-8FC7-AEAE8E540D02}
	EndGlobalSection
EndGlobal
